# THIS IS AN AUTOGENERATED FILE. DO NOT EDIT THIS FILE DIRECTLY.
# yarn lockfile v1


fluidbox@^2.0.4:
  version "2.0.5"
  resolved "https://registry.yarnpkg.com/fluidbox/-/fluidbox-2.0.5.tgz#753d2595c382b4c947adf7e1baca1bbfd2e22f94"
  dependencies:
    jquery ">=1.9"

jquery@>=1.9, jquery@^3.1.1:
  version "3.2.1"
  resolved "https://registry.yarnpkg.com/jquery/-/jquery-3.2.1.tgz#5c4d9de652af6cd0a770154a631bba12b015c787"

pace-progress@^1.0.2:
  version "1.0.2"
  resolved "https://registry.yarnpkg.com/pace-progress/-/pace-progress-1.0.2.tgz#fdc565c57dd91725a3167b360bf2578d3c3b548d"

scrollreveal@^3.3.2:
  version "3.3.6"
  resolved "https://registry.yarnpkg.com/scrollreveal/-/scrollreveal-3.3.6.tgz#659b7bf0ba0e244dced978ac5540c00b43773e4a"
